
Microsoft Visual Studio Solution File, Format Version 12.00
# Visual Studio Version 17
VisualStudioVersion = 17.0.31903.59
MinimumVisualStudioVersion = 10.0.40219.1
Project("{FAE04EC0-301F-11D3-BF4B-00C04F79EFBC}") = "Land-Property.API", "Land-Property-API\Land-Property.API.csproj", "{3B74FBDE-E51E-4647-9538-608E71D4A886}"
EndProject
Project("{FAE04EC0-301F-11D3-BF4B-00C04F79EFBC}") = "Land-Property.Tests", "Land-Property.Tests\Land-Property.Tests.csproj", "{B6309BCC-C064-4627-8B75-9017585F001A}"
EndProject
Global
	GlobalSection(SolutionConfigurationPlatforms) = preSolution
		Debug|Any CPU = Debug|Any CPU
		Release|Any CPU = Release|Any CPU
	EndGlobalSection
	GlobalSection(ProjectConfigurationPlatforms) = postSolution
		{3B74FBDE-E51E-4647-9538-608E71D4A886}.Debug|Any CPU.ActiveCfg = Debug|Any CPU
		{3B74FBDE-E51E-4647-9538-608E71D4A886}.Debug|Any CPU.Build.0 = Debug|Any CPU
		{3B74FBDE-E51E-4647-9538-608E71D4A886}.Release|Any CPU.ActiveCfg = Release|Any CPU
		{3B74FBDE-E51E-4647-9538-608E71D4A886}.Release|Any CPU.Build.0 = Release|Any CPU
		{B6309BCC-C064-4627-8B75-9017585F001A}.Debug|Any CPU.ActiveCfg = Debug|Any CPU
		{B6309BCC-C064-4627-8B75-9017585F001A}.Debug|Any CPU.Build.0 = Debug|Any CPU
		{B6309BCC-C064-4627-8B75-9017585F001A}.Release|Any CPU.ActiveCfg = Release|Any CPU
		{B6309BCC-C064-4627-8B75-9017585F001A}.Release|Any CPU.Build.0 = Release|Any CPU
	EndGlobalSection
	GlobalSection(SolutionProperties) = preSolution
		HideSolutionNode = FALSE
	EndGlobalSection
EndGlobal
